// !$*UTF8*$!
{
	archiveVersion = 1;
	classes = {
	};
	objectVersion = 48;
	objects = {

/* Begin PBXBuildFile section */
		7B048D88204A1DD1006BED3D /* AppDelegate.swift in Sources */ = {isa = PBXBuildFile; fileRef = 7B048D87204A1DD1006BED3D /* AppDelegate.swift */; };
		7B048D8A204A1DD1006BED3D /* ViewController.swift in Sources */ = {isa = PBXBuildFile; fileRef = 7B048D89204A1DD1006BED3D /* ViewController.swift */; };
		7B048D8D204A1DD1006BED3D /* Main.storyboard in Resources */ = {isa = PBXBuildFile; fileRef = 7B048D8B204A1DD1006BED3D /* Main.storyboard */; };
		7B048D8F204A1DD1006BED3D /* Assets.xcassets in Resources */ = {isa = PBXBuildFile; fileRef = 7B048D8E204A1DD1006BED3D /* Assets.xcassets */; };
		7B048D92204A1DD1006BED3D /* LaunchScreen.storyboard in Resources */ = {isa = PBXBuildFile; fileRef = 7B048D90204A1DD1006BED3D /* LaunchScreen.storyboard */; };
		7B048D9D204A1DD1006BED3D /* QuizTests.swift in Sources */ = {isa = PBXBuildFile; fileRef = 7B048D9C204A1DD1006BED3D /* QuizTests.swift */; };
		7B048DA8204A1DD1006BED3D /* QuizUITests.swift in Sources */ = {isa = PBXBuildFile; fileRef = 7B048DA7204A1DD1006BED3D /* QuizUITests.swift */; };
/* End PBXBuildFile section */

/* Begin PBXContainerItemProxy section */
		7B048D99204A1DD1006BED3D /* PBXContainerItemProxy */ = {
			isa = PBXContainerItemProxy;
			containerPortal = 7B048D7C204A1DD1006BED3D /* Project object */;
			proxyType = 1;
			remoteGlobalIDString = 7B048D83204A1DD1006BED3D;
			remoteInfo = Quiz;
		};
		7B048DA4204A1DD1006BED3D /* PBXContainerItemProxy */ = {
			isa = PBXContainerItemProxy;
			containerPortal = 7B048D7C204A1DD1006BED3D /* Project object */;
			proxyType = 1;
			remoteGlobalIDString = 7B048D83204A1DD1006BED3D;
			remoteInfo = Quiz;
		};
/* End PBXContainerItemProxy section */

/* Begin PBXFileReference section */
		7B048D84204A1DD1006BED3D /* Quiz.app */ = {isa = PBXFileReference; explicitFileType = wrapper.application; includeInIndex = 0; path = Quiz.app; sourceTree = BUILT_PRODUCTS_DIR; };
		7B048D87204A1DD1006BED3D /* AppDelegate.swift */ = {isa = PBXFileReference; lastKnownFileType = sourcecode.swift; path = AppDelegate.swift; sourceTree = "<group>"; };
		7B048D89204A1DD1006BED3D /* ViewController.swift */ = {isa = PBXFileReference; lastKnownFileType = sourcecode.swift; path = ViewController.swift; sourceTree = "<group>"; };
		7B048D8C204A1DD1006BED3D /* Base */ = {isa = PBXFileReference; lastKnownFileType = file.storyboard; name = Base; path = Base.lproj/Main.storyboard; sourceTree = "<group>"; };
		7B048D8E204A1DD1006BED3D /* Assets.xcassets */ = {isa = PBXFileReference; lastKnownFileType = folder.assetcatalog; path = Assets.xcassets; sourceTree = "<group>"; };
		7B048D91204A1DD1006BED3D /* Base */ = {isa = PBXFileReference; lastKnownFileType = file.storyboard; name = Base; path = Base.lproj/LaunchScreen.storyboard; sourceTree = "<group>"; };
		7B048D93204A1DD1006BED3D /* Info.plist */ = {isa = PBXFileReference; lastKnownFileType = text.plist.xml; path = Info.plist; sourceTree = "<group>"; };
		7B048D98204A1DD1006BED3D /* QuizTests.xctest */ = {isa = PBXFileReference; explicitFileType = wrapper.cfbundle; includeInIndex = 0; path = QuizTests.xctest; sourceTree = BUILT_PRODUCTS_DIR; };
		7B048D9C204A1DD1006BED3D /* QuizTests.swift */ = {isa = PBXFileReference; lastKnownFileType = sourcecode.swift; path = QuizTests.swift; sourceTree = "<group>"; };
		7B048D9E204A1DD1006BED3D /* Info.plist */ = {isa = PBXFileReference; lastKnownFileType = text.plist.xml; path = Info.plist; sourceTree = "<group>"; };
		7B048DA3204A1DD1006BED3D /* QuizUITests.xctest */ = {isa = PBXFileReference; explicitFileType = wrapper.cfbundle; includeInIndex = 0; path = QuizUITests.xctest; sourceTree = BUILT_PRODUCTS_DIR; };
		7B048DA7204A1DD1006BED3D /* QuizUITests.swift */ = {isa = PBXFileReference; lastKnownFileType = sourcecode.swift; path = QuizUITests.swift; sourceTree = "<group>"; };
		7B048DA9204A1DD1006BED3D /* Info.plist */ = {isa = PBXFileReference; lastKnownFileType = text.plist.xml; path = Info.plist; sourceTree = "<group>"; };
/* End PBXFileReference section */

/* Begin PBXFrameworksBuildPhase section */
		7B048D81204A1DD1006BED3D /* Frameworks */ = {
			isa = PBXFrameworksBuildPhase;
			buildActionMask = 2147483647;
			files = (
			);
			runOnlyForDeploymentPostprocessing = 0;
		};
		7B048D95204A1DD1006BED3D /* Frameworks */ = {
			isa = PBXFrameworksBuildPhase;
			buildActionMask = 2147483647;
			files = (
			);
			runOnlyForDeploymentPostprocessing = 0;
		};
		7B048DA0204A1DD1006BED3D /* Frameworks */ = {
			isa = PBXFrameworksBuildPhase;
			buildActionMask = 2147483647;
			files = (
			);
			runOnlyForDeploymentPostprocessing = 0;
		};
/* End PBXFrameworksBuildPhase section */

/* Begin PBXGroup section */
		7B048D7B204A1DD1006BED3D = {
			isa = PBXGroup;
			children = (
				7B048D86204A1DD1006BED3D /* Quiz */,
				7B048D9B204A1DD1006BED3D /* QuizTests */,
				7B048DA6204A1DD1006BED3D /* QuizUITests */,
				7B048D85204A1DD1006BED3D /* Products */,
			);
			sourceTree = "<group>";
		};
		7B048D85204A1DD1006BED3D /* Products */ = {
			isa = PBXGroup;
			children = (
				7B048D84204A1DD1006BED3D /* Quiz.app */,
				7B048D98204A1DD1006BED3D /* QuizTests.xctest */,
				7B048DA3204A1DD1006BED3D /* QuizUITests.xctest */,
			);
			name = Products;
			sourceTree = "<group>";
		};
		7B048D86204A1DD1006BED3D /* Quiz */ = {
			isa = PBXGroup;
			children = (
				7B048D87204A1DD1006BED3D /* AppDelegate.swift */,
				7B048D89204A1DD1006BED3D /* ViewController.swift */,
				7B048D8B204A1DD1006BED3D /* Main.storyboard */,
				7B048D8E204A1DD1006BED3D /* Assets.xcassets */,
				7B048D90204A1DD1006BED3D /* LaunchScreen.storyboard */,
				7B048D93204A1DD1006BED3D /* Info.plist */,
			);
			path = Quiz;
			sourceTree = "<group>";
		};
		7B048D9B204A1DD1006BED3D /* QuizTests */ = {
			isa = PBXGroup;
			children = (
				7B048D9C204A1DD1006BED3D /* QuizTests.swift */,
				7B048D9E204A1DD1006BED3D /* Info.plist */,
			);
			path = QuizTests;
			sourceTree = "<group>";
		};
		7B048DA6204A1DD1006BED3D /* QuizUITests */ = {
			isa = PBXGroup;
			children = (
				7B048DA7204A1DD1006BED3D /* QuizUITests.swift */,
				7B048DA9204A1DD1006BED3D /* Info.plist */,
			);
			path = QuizUITests;
			sourceTree = "<group>";
		};
/* End PBXGroup section */

/* Begin PBXNativeTarget section */
		7B048D83204A1DD1006BED3D /* Quiz */ = {
			isa = PBXNativeTarget;
			buildConfigurationList = 7B048DAC204A1DD1006BED3D /* Build configuration list for PBXNativeTarget "Quiz" */;
			buildPhases = (
				7B048D80204A1DD1006BED3D /* Sources */,
				7B048D81204A1DD1006BED3D /* Frameworks */,
				7B048D82204A1DD1006BED3D /* Resources */,
			);
			buildRules = (
			);
			dependencies = (
			);
			name = Quiz;
			productName = Quiz;
			productReference = 7B048D84204A1DD1006BED3D /* Quiz.app */;
			productType = "com.apple.product-type.application";
		};
		7B048D97204A1DD1006BED3D /* QuizTests */ = {
			isa = PBXNativeTarget;
			buildConfigurationList = 7B048DAF204A1DD1006BED3D /* Build configuration list for PBXNativeTarget "QuizTests" */;
			buildPhases = (
				7B048D94204A1DD1006BED3D /* Sources */,
				7B048D95204A1DD1006BED3D /* Frameworks */,
				7B048D96204A1DD1006BED3D /* Resources */,
			);
			buildRules = (
			);
			dependencies = (
				7B048D9A204A1DD1006BED3D /* PBXTargetDependency */,
			);
			name = QuizTests;
			productName = QuizTests;
			productReference = 7B048D98204A1DD1006BED3D /* QuizTests.xctest */;
			productType = "com.apple.product-type.bundle.unit-test";
		};
		7B048DA2204A1DD1006BED3D /* QuizUITests */ = {
			isa = PBXNativeTarget;
			buildConfigurationList = 7B048DB2204A1DD1006BED3D /* Build configuration list for PBXNativeTarget "QuizUITests" */;
			buildPhases = (
				7B048D9F204A1DD1006BED3D /* Sources */,
				7B048DA0204A1DD1006BED3D /* Frameworks */,
				7B048DA1204A1DD1006BED3D /* Resources */,
			);
			buildRules = (
			);
			dependencies = (
				7B048DA5204A1DD1006BED3D /* PBXTargetDependency */,
			);
			name = QuizUITests;
			productName = QuizUITests;
			productReference = 7B048DA3204A1DD1006BED3D /* QuizUITests.xctest */;
			productType = "com.apple.product-type.bundle.ui-testing";
		};
/* End PBXNativeTarget section */

/* Begin PBXProject section */
		7B048D7C204A1DD1006BED3D /* Project object */ = {
			isa = PBXProject;
			attributes = {
				LastSwiftUpdateCheck = 0920;
				LastUpgradeCheck = 0920;
				ORGANIZATIONNAME = "Abtin Gramian";
				TargetAttributes = {
					7B048D83204A1DD1006BED3D = {
						CreatedOnToolsVersion = 9.2;
						ProvisioningStyle = Automatic;
					};
					7B048D97204A1DD1006BED3D = {
						CreatedOnToolsVersion = 9.2;
						ProvisioningStyle = Automatic;
						TestTargetID = 7B048D83204A1DD1006BED3D;
					};
					7B048DA2204A1DD1006BED3D = {
						CreatedOnToolsVersion = 9.2;
						ProvisioningStyle = Automatic;
						TestTargetID = 7B048D83204A1DD1006BED3D;
					};
				};
			};
			buildConfigurationList = 7B048D7F204A1DD1006BED3D /* Build configuration list for PBXProject "Quiz" */;
			compatibilityVersion = "Xcode 8.0";
			developmentRegion = en;
			hasScannedForEncodings = 0;
			knownRegions = (
				en,
				Base,
			);
			mainGroup = 7B048D7B204A1DD1006BED3D;
			productRefGroup = 7B048D85204A1DD1006BED3D /* Products */;
			projectDirPath = "";
			projectRoot = "";
			targets = (
				7B048D83204A1DD1006BED3D /* Quiz */,
				7B048D97204A1DD1006BED3D /* QuizTests */,
				7B048DA2204A1DD1006BED3D /* QuizUITests */,
			);
		};
/* End PBXProject section */

/* Begin PBXResourcesBuildPhase section */
		7B048D82204A1DD1006BED3D /* Resources */ = {
			isa = PBXResourcesBuildPhase;
			buildActionMask = 2147483647;
			files = (
				7B048D92204A1DD1006BED3D /* LaunchScreen.storyboard in Resources */,
				7B048D8F204A1DD1006BED3D /* Assets.xcassets in Resources */,
				7B048D8D204A1DD1006BED3D /* Main.storyboard in Resources */,
			);
			runOnlyForDeploymentPostprocessing = 0;
		};
		7B048D96204A1DD1006BED3D /* Resources */ = {
			isa = PBXResourcesBuildPhase;
			buildActionMask = 2147483647;
			files = (
			);
			runOnlyForDeploymentPostprocessing = 0;
		};
		7B048DA1204A1DD1006BED3D /* Resources */ = {
			isa = PBXResourcesBuildPhase;
			buildActionMask = 2147483647;
			files = (
			);
			runOnlyForDeploymentPostprocessing = 0;
		};
/* End PBXResourcesBuildPhase section */

/* Begin PBXSourcesBuildPhase section */
		7B048D80204A1DD1006BED3D /* Sources */ = {
			isa = PBXSourcesBuildPhase;
			buildActionMask = 2147483647;
			files = (
				7B048D8A204A1DD1006BED3D /* ViewController.swift in Sources */,
				7B048D88204A1DD1006BED3D /* AppDelegate.swift in Sources */,
			);
			runOnlyForDeploymentPostprocessing = 0;
		};
		7B048D94204A1DD1006BED3D /* Sources */ = {
			isa = PBXSourcesBuildPhase;
			buildActionMask = 2147483647;
			files = (
				7B048D9D204A1DD1006BED3D /* QuizTests.swift in Sources */,
			);
			runOnlyForDeploymentPostprocessing = 0;
		};
		7B048D9F204A1DD1006BED3D /* Sources */ = {
			isa = PBXSourcesBuildPhase;
			buildActionMask = 2147483647;
			files = (
				7B048DA8204A1DD1006BED3D /* QuizUITests.swift in Sources */,
			);
			runOnlyForDeploymentPostprocessing = 0;
		};
/* End PBXSourcesBuildPhase section */

/* Begin PBXTargetDependency section */
		7B048D9A204A1DD1006BED3D /* PBXTargetDependency */ = {
			isa = PBXTargetDependency;
			target = 7B048D83204A1DD1006BED3D /* Quiz */;
			targetProxy = 7B048D99204A1DD1006BED3D /* PBXContainerItemProxy */;
		};
		7B048DA5204A1DD1006BED3D /* PBXTargetDependency */ = {
			isa = PBXTargetDependency;
			target = 7B048D83204A1DD1006BED3D /* Quiz */;
			targetProxy = 7B048DA4204A1DD1006BED3D /* PBXContainerItemProxy */;
		};
/* End PBXTargetDependency section */

/* Begin PBXVariantGroup section */
		7B048D8B204A1DD1006BED3D /* Main.storyboard */ = {
			isa = PBXVariantGroup;
			children = (
				7B048D8C204A1DD1006BED3D /* Base */,
			);
			name = Main.storyboard;
			sourceTree = "<group>";
		};
		7B048D90204A1DD1006BED3D /* LaunchScreen.storyboard */ = {
			isa = PBXVariantGroup;
			children = (
				7B048D91204A1DD1006BED3D /* Base */,
			);
			name = LaunchScreen.storyboard;
			sourceTree = "<group>";
		};
/* End PBXVariantGroup section */

/* Begin XCBuildConfiguration section */
		7B048DAA204A1DD1006BED3D /* Debug */ = {
			isa = XCBuildConfiguration;
			buildSettings = {
				ALWAYS_SEARCH_USER_PATHS = NO;
				CLANG_ANALYZER_NONNULL = YES;
				CLANG_ANALYZER_NUMBER_OBJECT_CONVERSION = YES_AGGRESSIVE;
				CLANG_CXX_LANGUAGE_STANDARD = "gnu++14";
				CLANG_CXX_LIBRARY = "libc++";
				CLANG_ENABLE_MODULES = YES;
				CLANG_ENABLE_OBJC_ARC = YES;
				CLANG_WARN_BLOCK_CAPTURE_AUTORELEASING = YES;
				CLANG_WARN_BOOL_CONVERSION = YES;
				CLANG_WARN_COMMA = YES;
				CLANG_WARN_CONSTANT_CONVERSION = YES;
				CLANG_WARN_DIRECT_OBJC_ISA_USAGE = YES_ERROR;
				CLANG_WARN_DOCUMENTATION_COMMENTS = YES;
				CLANG_WARN_EMPTY_BODY = YES;
				CLANG_WARN_ENUM_CONVERSION = YES;
				CLANG_WARN_INFINITE_RECURSION = YES;
				CLANG_WARN_INT_CONVERSION = YES;
				CLANG_WARN_NON_LITERAL_NULL_CONVERSION = YES;
				CLANG_WARN_OBJC_LITERAL_CONVERSION = YES;
				CLANG_WARN_OBJC_ROOT_CLASS = YES_ERROR;
				CLANG_WARN_RANGE_LOOP_ANALYSIS = YES;
				CLANG_WARN_STRICT_PROTOTYPES = YES;
				CLANG_WARN_SUSPICIOUS_MOVE = YES;
				CLANG_WARN_UNGUARDED_AVAILABILITY = YES_AGGRESSIVE;
				CLANG_WARN_UNREACHABLE_CODE = YES;
				CLANG_WARN__DUPLICATE_METHOD_MATCH = YES;
				CODE_SIGN_IDENTITY = "iPhone Developer";
				COPY_PHASE_STRIP = NO;
				DEBUG_INFORMATION_FORMAT = dwarf;
				ENABLE_STRICT_OBJC_MSGSEND = YES;
				ENABLE_TESTABILITY = YES;
				GCC_C_LANGUAGE_STANDARD = gnu11;
				GCC_DYNAMIC_NO_PIC = NO;
				GCC_NO_COMMON_BLOCKS = YES;
				GCC_OPTIMIZATION_LEVEL = 0;
				GCC_PREPROCESSOR_DEFINITIONS = (
					"DEBUG=1",
					"$(inherited)",
				);
				GCC_WARN_64_TO_32_BIT_CONVERSION = YES;
				GCC_WARN_ABOUT_RETURN_TYPE = YES_ERROR;
				GCC_WARN_UNDECLARED_SELECTOR = YES;
				GCC_WARN_UNINITIALIZED_AUTOS = YES_AGGRESSIVE;
				GCC_WARN_UNUSED_FUNCTION = YES;
				GCC_WARN_UNUSED_VARIABLE = YES;
				IPHONEOS_DEPLOYMENT_TARGET = 11.2;
				MTL_ENABLE_DEBUG_INFO = YES;
				ONLY_ACTIVE_ARCH = YES;
				SDKROOT = iphoneos;
				SWIFT_ACTIVE_COMPILATION_CONDITIONS = DEBUG;
				SWIFT_OPTIMIZATION_LEVEL = "-Onone";
			};
			name = Debug;
		};
		7B048DAB204A1DD1006BED3D /* Release */ = {
			isa = XCBuildConfiguration;
			buildSettings = {
				ALWAYS_SEARCH_USER_PATHS = NO;
				CLANG_ANALYZER_NONNULL = YES;
				CLANG_ANALYZER_NUMBER_OBJECT_CONVERSION = YES_AGGRESSIVE;
				CLANG_CXX_LANGUAGE_STANDARD = "gnu++14";
				CLANG_CXX_LIBRARY = "libc++";
				CLANG_ENABLE_MODULES = YES;
				CLANG_ENABLE_OBJC_ARC = YES;
				CLANG_WARN_BLOCK_CAPTURE_AUTORELEASING = YES;
				CLANG_WARN_BOOL_CONVERSION = YES;
				CLANG_WARN_COMMA = YES;
				CLANG_WARN_CONSTANT_CONVERSION = YES;
				CLANG_WARN_DIRECT_OBJC_ISA_USAGE = YES_ERROR;
				CLANG_WARN_DOCUMENTATION_COMMENTS = YES;
				CLANG_WARN_EMPTY_BODY = YES;
				CLANG_WARN_ENUM_CONVERSION = YES;
				CLANG_WARN_INFINITE_RECURSION = YES;
				CLANG_WARN_INT_CONVERSION = YES;
				CLANG_WARN_NON_LITERAL_NULL_CONVERSION = YES;
				CLANG_WARN_OBJC_LITERAL_CONVERSION = YES;
				CLANG_WARN_OBJC_ROOT_CLASS = YES_ERROR;
				CLANG_WARN_RANGE_LOOP_ANALYSIS = YES;
				CLANG_WARN_STRICT_PROTOTYPES = YES;
				CLANG_WARN_SUSPICIOUS_MOVE = YES;
				CLANG_WARN_UNGUARDED_AVAILABILITY = YES_AGGRESSIVE;
				CLANG_WARN_UNREACHABLE_CODE = YES;
				CLANG_WARN__DUPLICATE_METHOD_MATCH = YES;
				CODE_SIGN_IDENTITY = "iPhone Developer";
				COPY_PHASE_STRIP = NO;
				DEBUG_INFORMATION_FORMAT = "dwarf-with-dsym";
				ENABLE_NS_ASSERTIONS = NO;
				ENABLE_STRICT_OBJC_MSGSEND = YES;
				GCC_C_LANGUAGE_STANDARD = gnu11;
				GCC_NO_COMMON_BLOCKS = YES;
				GCC_WARN_64_TO_32_BIT_CONVERSION = YES;
				GCC_WARN_ABOUT_RETURN_TYPE = YES_ERROR;
				GCC_WARN_UNDECLARED_SELECTOR = YES;
				GCC_WARN_UNINITIALIZED_AUTOS = YES_AGGRESSIVE;
				GCC_WARN_UNUSED_FUNCTION = YES;
				GCC_WARN_UNUSED_VARIABLE = YES;
				IPHONEOS_DEPLOYMENT_TARGET = 11.2;
				MTL_ENABLE_DEBUG_INFO = NO;
				SDKROOT = iphoneos;
				SWIFT_OPTIMIZATION_LEVEL = "-Owholemodule";
				VALIDATE_PRODUCT = YES;
			};
			name = Release;
		};
		7B048DAD204A1DD1006BED3D /* Debug */ = {
			isa = XCBuildConfiguration;
			buildSettings = {
				ASSETCATALOG_COMPILER_APPICON_NAME = AppIcon;
				CODE_SIGN_STYLE = Automatic;
				INFOPLIST_FILE = Quiz/Info.plist;
				LD_RUNPATH_SEARCH_PATHS = "$(inherited) @executable_path/Frameworks";
				PRODUCT_BUNDLE_IDENTIFIER = com.abtingramian.Quiz;
				PRODUCT_NAME = "$(TARGET_NAME)";
				SWIFT_VERSION = 4.0;
				TARGETED_DEVICE_FAMILY = "1,2";
			};
			name = Debug;
		};
		7B048DAE204A1DD1006BED3D /* Release */ = {
			isa = XCBuildConfiguration;
			buildSettings = {
				ASSETCATALOG_COMPILER_APPICON_NAME = AppIcon;
				CODE_SIGN_STYLE = Automatic;
				INFOPLIST_FILE = Quiz/Info.plist;
				LD_RUNPATH_SEARCH_PATHS = "$(inherited) @executable_path/Frameworks";
				PRODUCT_BUNDLE_IDENTIFIER = com.abtingramian.Quiz;
				PRODUCT_NAME = "$(TARGET_NAME)";
				SWIFT_VERSION = 4.0;
				TARGETED_DEVICE_FAMILY = "1,2";
			};
			name = Release;
		};
		7B048DB0204A1DD1006BED3D /* Debug */ = {
			isa = XCBuildConfiguration;
			buildSettings = {
				ALWAYS_EMBED_SWIFT_STANDARD_LIBRARIES = YES;
				BUNDLE_LOADER = "$(TEST_HOST)";
				CODE_SIGN_STYLE = Automatic;
				INFOPLIST_FILE = QuizTests/Info.plist;
				LD_RUNPATH_SEARCH_PATHS = "$(inherited) @executable_path/Frameworks @loader_path/Frameworks";
				PRODUCT_BUNDLE_IDENTIFIER = com.abtingramian.QuizTests;
				PRODUCT_NAME = "$(TARGET_NAME)";
				SWIFT_VERSION = 4.0;
				TARGETED_DEVICE_FAMILY = "1,2";
				TEST_HOST = "$(BUILT_PRODUCTS_DIR)/Quiz.app/Quiz";
			};
			name = Debug;
		};
		7B048DB1204A1DD1006BED3D /* Release */ = {
			isa = XCBuildConfiguration;
			buildSettings = {
				ALWAYS_EMBED_SWIFT_STANDARD_LIBRARIES = YES;
				BUNDLE_LOADER = "$(TEST_HOST)";
				CODE_SIGN_STYLE = Automatic;
				INFOPLIST_FILE = QuizTests/Info.plist;
				LD_RUNPATH_SEARCH_PATHS = "$(inherited) @executable_path/Frameworks @loader_path/Frameworks";
				PRODUCT_BUNDLE_IDENTIFIER = com.abtingramian.QuizTests;
				PRODUCT_NAME = "$(TARGET_NAME)";
				SWIFT_VERSION = 4.0;
				TARGETED_DEVICE_FAMILY = "1,2";
				TEST_HOST = "$(BUILT_PRODUCTS_DIR)/Quiz.app/Quiz";
			};
			name = Release;
		};
		7B048DB3204A1DD1006BED3D /* Debug */ = {
			isa = XCBuildConfiguration;
			buildSettings = {
				ALWAYS_EMBED_SWIFT_STANDARD_LIBRARIES = YES;
				CODE_SIGN_STYLE = Automatic;
				INFOPLIST_FILE = QuizUITests/Info.plist;
				LD_RUNPATH_SEARCH_PATHS = "$(inherited) @executable_path/Frameworks @loader_path/Frameworks";
				PRODUCT_BUNDLE_IDENTIFIER = com.abtingramian.QuizUITests;
				PRODUCT_NAME = "$(TARGET_NAME)";
				SWIFT_VERSION = 4.0;
				TARGETED_DEVICE_FAMILY = "1,2";
				TEST_TARGET_NAME = Quiz;
			};
			name = Debug;
		};
		7B048DB4204A1DD1006BED3D /* Release */ = {
			isa = XCBuildConfiguration;
			buildSettings = {
				ALWAYS_EMBED_SWIFT_STANDARD_LIBRARIES = YES;
				CODE_SIGN_STYLE = Automatic;
				INFOPLIST_FILE = QuizUITests/Info.plist;
				LD_RUNPATH_SEARCH_PATHS = "$(inherited) @executable_path/Frameworks @loader_path/Frameworks";
				PRODUCT_BUNDLE_IDENTIFIER = com.abtingramian.QuizUITests;
				PRODUCT_NAME = "$(TARGET_NAME)";
				SWIFT_VERSION = 4.0;
				TARGETED_DEVICE_FAMILY = "1,2";
				TEST_TARGET_NAME = Quiz;
			};
			name = Release;
		};
/* End XCBuildConfiguration section */

/* Begin XCConfigurationList section */
		7B048D7F204A1DD1006BED3D /* Build configuration list for PBXProject "Quiz" */ = {
			isa = XCConfigurationList;
			buildConfigurations = (
				7B048DAA204A1DD1006BED3D /* Debug */,
				7B048DAB204A1DD1006BED3D /* Release */,
			);
			defaultConfigurationIsVisible = 0;
			defaultConfigurationName = Release;
		};
		7B048DAC204A1DD1006BED3D /* Build configuration list for PBXNativeTarget "Quiz" */ = {
			isa = XCConfigurationList;
			buildConfigurations = (
				7B048DAD204A1DD1006BED3D /* Debug */,
				7B048DAE204A1DD1006BED3D /* Release */,
			);
			defaultConfigurationIsVisible = 0;
			defaultConfigurationName = Release;
		};
		7B048DAF204A1DD1006BED3D /* Build configuration list for PBXNativeTarget "QuizTests" */ = {
			isa = XCConfigurationList;
			buildConfigurations = (
				7B048DB0204A1DD1006BED3D /* Debug */,
				7B048DB1204A1DD1006BED3D /* Release */,
			);
			defaultConfigurationIsVisible = 0;
			defaultConfigurationName = Release;
		};
		7B048DB2204A1DD1006BED3D /* Build configuration list for PBXNativeTarget "QuizUITests" */ = {
			isa = XCConfigurationList;
			buildConfigurations = (
				7B048DB3204A1DD1006BED3D /* Debug */,
				7B048DB4204A1DD1006BED3D /* Release */,
			);
			defaultConfigurationIsVisible = 0;
			defaultConfigurationName = Release;
		};
/* End XCConfigurationList section */
	};
	rootObject = 7B048D7C204A1DD1006BED3D /* Project object */;
}
